{
  "name": "dev",
  "lockfileVersion": 3,
  "requires": true,
  "packages": {
    "": {
      "dependencies": {
        "@jsplumb/browser-ui": "^6.2.10",
        "@jsplumb/connector-bezier": "^5.13.7",
        "@jsplumb/connector-flowchart": "^5.13.7",
        "pyodide": "^0.27.7"
      }
    },
    "node_modules/@jsplumb/browser-ui": {
      "version": "6.2.10",
      "resolved": "https://registry.npmjs.org/@jsplumb/browser-ui/-/browser-ui-6.2.10.tgz",
      "integrity": "sha512-trk++mK5q6hceJL79teemzcilJ+8DrZT/lMK0+B80AtHqZHr0YwMCf+so2JBb2Z/MDZ0fUEU9MbELY6OPhhs5g==",
      "license": "(MIT OR GPL-2.0)"
    },
    "node_modules/@jsplumb/common": {
      "version": "5.13.7",
      "resolved": "https://registry.npmjs.org/@jsplumb/common/-/common-5.13.7.tgz",
      "integrity": "sha512-NTQ/N3qRaY+axpOVrTtFPq6l36zsJx6TDlpUo3FGh0KhXd0BE7TRNkDUijNsXXj8aVFJ4djlqFuMYoroonYA+Q==",
      "license": "(MIT OR GPL-2.0)",
      "dependencies": {
        "@jsplumb/util": "5.13.7"
      }
    },
    "node_modules/@jsplumb/connector-bezier": {
      "version": "5.13.7",
      "resolved": "https://registry.npmjs.org/@jsplumb/connector-bezier/-/connector-bezier-5.13.7.tgz",
      "integrity": "sha512-UtmIAabkNJx13nM335CKb4OSy9dTJrNorBY+DJ6rN63pG/eHhWZKW3Mwdxv/mGX1OT7sNK+N71qi+/QtqidbGw==",
      "license": "(MIT OR GPL-2.0)",
      "dependencies": {
        "@jsplumb/core": "5.13.7"
      }
    },
    "node_modules/@jsplumb/connector-flowchart": {
      "version": "5.13.7",
      "resolved": "https://registry.npmjs.org/@jsplumb/connector-flowchart/-/connector-flowchart-5.13.7.tgz",
      "integrity": "sha512-ub5KixElCpq7FJ3wrPXHA3sJWVQw9N/kkDn5bg0KistcORtpMoWXKyTBto6mPn0lrzAt7p+mV/tAg969mmu0hw==",
      "license": "(MIT OR GPL-2.0)",
      "dependencies": {
        "@jsplumb/core": "5.13.7"
      }
    },
    "node_modules/@jsplumb/core": {
      "version": "5.13.7",
      "resolved": "https://registry.npmjs.org/@jsplumb/core/-/core-5.13.7.tgz",
      "integrity": "sha512-24SfEuyjmOSdrN3m3gDesAFzlZARJIYiV8CEtoK6tBwaVwoqSSiUvY4zGHrppwx2yWDOEO5Vwv5iyw6OYlUjGw==",
      "license": "(MIT OR GPL-2.0)",
      "dependencies": {
        "@jsplumb/common": "5.13.7"
      }
    },
    "node_modules/@jsplumb/util": {
      "version": "5.13.7",
      "resolved": "https://registry.npmjs.org/@jsplumb/util/-/util-5.13.7.tgz",
      "integrity": "sha512-DEoDaKDl0e8Y8P6rKGfpnRaaSUVDvZ52cvULLWiZIYQuo3K328vSAIoYVef3V6OSxmpfndOSfkO7oqfY0pWh0g==",
      "license": "(MIT OR GPL-2.0)"
    },
    "node_modules/pyodide": {
      "version": "0.27.7",
      "resolved": "https://registry.npmjs.org/pyodide/-/pyodide-0.27.7.tgz",
      "integrity": "sha512-RUSVJlhQdfWfgO9hVHCiXoG+nVZQRS5D9FzgpLJ/VcgGBLSAKoPL8kTiOikxbHQm1kRISeWUBdulEgO26qpSRA==",
      "license": "MPL-2.0",
      "dependencies": {
        "ws": "^8.5.0"
      },
      "engines": {
        "node": ">=18.0.0"
      }
    },
    "node_modules/ws": {
      "version": "8.18.2",
      "resolved": "https://registry.npmjs.org/ws/-/ws-8.18.2.tgz",
      "integrity": "sha512-DMricUmwGZUVr++AEAe2uiVM7UoO9MAVZMDu05UQOaUII0lp+zOzLLU4Xqh/JvTqklB1T4uELaaPBKyjE1r4fQ==",
      "license": "MIT",
      "engines": {
        "node": ">=10.0.0"
      },
      "peerDependencies": {
        "bufferutil": "^4.0.1",
        "utf-8-validate": ">=5.0.2"
      },
      "peerDependenciesMeta": {
        "bufferutil": {
          "optional": true
        },
        "utf-8-validate": {
          "optional": true
        }
      }
    }
  }
}
